// !$*UTF8*$!
{
	archiveVersion = 1;
	classes = {
	};
	objectVersion = 56;
	objects = {

/* Begin PBXBuildFile section */
		3576E1992913F47D004A6648 /* AppDelegate.swift in Sources */ = {isa = PBXBuildFile; fileRef = 3576E1982913F47D004A6648 /* AppDelegate.swift */; };
		3576E19B2913F47D004A6648 /* SceneDelegate.swift in Sources */ = {isa = PBXBuildFile; fileRef = 3576E19A2913F47D004A6648 /* SceneDelegate.swift */; };
		3576E19D2913F47D004A6648 /* ViewController.swift in Sources */ = {isa = PBXBuildFile; fileRef = 3576E19C2913F47D004A6648 /* ViewController.swift */; };
		3576E1A02913F47D004A6648 /* Main.storyboard in Resources */ = {isa = PBXBuildFile; fileRef = 3576E19E2913F47D004A6648 /* Main.storyboard */; };
		3576E1A22913F47F004A6648 /* Assets.xcassets in Resources */ = {isa = PBXBuildFile; fileRef = 3576E1A12913F47F004A6648 /* Assets.xcassets */; };
		3576E1A52913F47F004A6648 /* LaunchScreen.storyboard in Resources */ = {isa = PBXBuildFile; fileRef = 3576E1A32913F47F004A6648 /* LaunchScreen.storyboard */; };
		3576E1B02913F47F004A6648 /* CalcATTests.swift in Sources */ = {isa = PBXBuildFile; fileRef = 3576E1AF2913F47F004A6648 /* CalcATTests.swift */; };
		3576E1BA2913F47F004A6648 /* CalcATUITests.swift in Sources */ = {isa = PBXBuildFile; fileRef = 3576E1B92913F47F004A6648 /* CalcATUITests.swift */; };
		3576E1BC2913F47F004A6648 /* CalcATUITestsLaunchTests.swift in Sources */ = {isa = PBXBuildFile; fileRef = 3576E1BB2913F47F004A6648 /* CalcATUITestsLaunchTests.swift */; };
/* End PBXBuildFile section */

/* Begin PBXContainerItemProxy section */
		3576E1AC2913F47F004A6648 /* PBXContainerItemProxy */ = {
			isa = PBXContainerItemProxy;
			containerPortal = 3576E18D2913F47D004A6648 /* Project object */;
			proxyType = 1;
			remoteGlobalIDString = 3576E1942913F47D004A6648;
			remoteInfo = CalcAT;
		};
		3576E1B62913F47F004A6648 /* PBXContainerItemProxy */ = {
			isa = PBXContainerItemProxy;
			containerPortal = 3576E18D2913F47D004A6648 /* Project object */;
			proxyType = 1;
			remoteGlobalIDString = 3576E1942913F47D004A6648;
			remoteInfo = CalcAT;
		};
/* End PBXContainerItemProxy section */

/* Begin PBXFileReference section */
		3576E1952913F47D004A6648 /* CalcAT.app */ = {isa = PBXFileReference; explicitFileType = wrapper.application; includeInIndex = 0; path = CalcAT.app; sourceTree = BUILT_PRODUCTS_DIR; };
		3576E1982913F47D004A6648 /* AppDelegate.swift */ = {isa = PBXFileReference; lastKnownFileType = sourcecode.swift; path = AppDelegate.swift; sourceTree = "<group>"; };
		3576E19A2913F47D004A6648 /* SceneDelegate.swift */ = {isa = PBXFileReference; lastKnownFileType = sourcecode.swift; path = SceneDelegate.swift; sourceTree = "<group>"; };
		3576E19C2913F47D004A6648 /* ViewController.swift */ = {isa = PBXFileReference; lastKnownFileType = sourcecode.swift; path = ViewController.swift; sourceTree = "<group>"; };
		3576E19F2913F47D004A6648 /* Base */ = {isa = PBXFileReference; lastKnownFileType = file.storyboard; name = Base; path = Base.lproj/Main.storyboard; sourceTree = "<group>"; };
		3576E1A12913F47F004A6648 /* Assets.xcassets */ = {isa = PBXFileReference; lastKnownFileType = folder.assetcatalog; path = Assets.xcassets; sourceTree = "<group>"; };
		3576E1A42913F47F004A6648 /* Base */ = {isa = PBXFileReference; lastKnownFileType = file.storyboard; name = Base; path = Base.lproj/LaunchScreen.storyboard; sourceTree = "<group>"; };
		3576E1A62913F47F004A6648 /* Info.plist */ = {isa = PBXFileReference; lastKnownFileType = text.plist.xml; path = Info.plist; sourceTree = "<group>"; };
		3576E1AB2913F47F004A6648 /* CalcATTests.xctest */ = {isa = PBXFileReference; explicitFileType = wrapper.cfbundle; includeInIndex = 0; path = CalcATTests.xctest; sourceTree = BUILT_PRODUCTS_DIR; };
		3576E1AF2913F47F004A6648 /* CalcATTests.swift */ = {isa = PBXFileReference; lastKnownFileType = sourcecode.swift; path = CalcATTests.swift; sourceTree = "<group>"; };
		3576E1B52913F47F004A6648 /* CalcATUITests.xctest */ = {isa = PBXFileReference; explicitFileType = wrapper.cfbundle; includeInIndex = 0; path = CalcATUITests.xctest; sourceTree = BUILT_PRODUCTS_DIR; };
		3576E1B92913F47F004A6648 /* CalcATUITests.swift */ = {isa = PBXFileReference; lastKnownFileType = sourcecode.swift; path = CalcATUITests.swift; sourceTree = "<group>"; };
		3576E1BB2913F47F004A6648 /* CalcATUITestsLaunchTests.swift */ = {isa = PBXFileReference; lastKnownFileType = sourcecode.swift; path = CalcATUITestsLaunchTests.swift; sourceTree = "<group>"; };
/* End PBXFileReference section */

/* Begin PBXFrameworksBuildPhase section */
		3576E1922913F47D004A6648 /* Frameworks */ = {
			isa = PBXFrameworksBuildPhase;
			buildActionMask = 2147483647;
			files = (
			);
			runOnlyForDeploymentPostprocessing = 0;
		};
		3576E1A82913F47F004A6648 /* Frameworks */ = {
			isa = PBXFrameworksBuildPhase;
			buildActionMask = 2147483647;
			files = (
			);
			runOnlyForDeploymentPostprocessing = 0;
		};
		3576E1B22913F47F004A6648 /* Frameworks */ = {
			isa = PBXFrameworksBuildPhase;
			buildActionMask = 2147483647;
			files = (
			);
			runOnlyForDeploymentPostprocessing = 0;
		};
/* End PBXFrameworksBuildPhase section */

/* Begin PBXGroup section */
		3576E18C2913F47D004A6648 = {
			isa = PBXGroup;
			children = (
				3576E1972913F47D004A6648 /* CalcAT */,
				3576E1AE2913F47F004A6648 /* CalcATTests */,
				3576E1B82913F47F004A6648 /* CalcATUITests */,
				3576E1962913F47D004A6648 /* Products */,
			);
			sourceTree = "<group>";
		};
		3576E1962913F47D004A6648 /* Products */ = {
			isa = PBXGroup;
			children = (
				3576E1952913F47D004A6648 /* CalcAT.app */,
				3576E1AB2913F47F004A6648 /* CalcATTests.xctest */,
				3576E1B52913F47F004A6648 /* CalcATUITests.xctest */,
			);
			name = Products;
			sourceTree = "<group>";
		};
		3576E1972913F47D004A6648 /* CalcAT */ = {
			isa = PBXGroup;
			children = (
				3576E1982913F47D004A6648 /* AppDelegate.swift */,
				3576E19A2913F47D004A6648 /* SceneDelegate.swift */,
				3576E19C2913F47D004A6648 /* ViewController.swift */,
				3576E19E2913F47D004A6648 /* Main.storyboard */,
				3576E1A12913F47F004A6648 /* Assets.xcassets */,
				3576E1A32913F47F004A6648 /* LaunchScreen.storyboard */,
				3576E1A62913F47F004A6648 /* Info.plist */,
			);
			path = CalcAT;
			sourceTree = "<group>";
		};
		3576E1AE2913F47F004A6648 /* CalcATTests */ = {
			isa = PBXGroup;
			children = (
				3576E1AF2913F47F004A6648 /* CalcATTests.swift */,
			);
			path = CalcATTests;
			sourceTree = "<group>";
		};
		3576E1B82913F47F004A6648 /* CalcATUITests */ = {
			isa = PBXGroup;
			children = (
				3576E1B92913F47F004A6648 /* CalcATUITests.swift */,
				3576E1BB2913F47F004A6648 /* CalcATUITestsLaunchTests.swift */,
			);
			path = CalcATUITests;
			sourceTree = "<group>";
		};
/* End PBXGroup section */

/* Begin PBXNativeTarget section */
		3576E1942913F47D004A6648 /* CalcAT */ = {
			isa = PBXNativeTarget;
			buildConfigurationList = 3576E1BF2913F47F004A6648 /* Build configuration list for PBXNativeTarget "CalcAT" */;
			buildPhases = (
				3576E1912913F47D004A6648 /* Sources */,
				3576E1922913F47D004A6648 /* Frameworks */,
				3576E1932913F47D004A6648 /* Resources */,
			);
			buildRules = (
			);
			dependencies = (
			);
			name = CalcAT;
			productName = CalcAT;
			productReference = 3576E1952913F47D004A6648 /* CalcAT.app */;
			productType = "com.apple.product-type.application";
		};
		3576E1AA2913F47F004A6648 /* CalcATTests */ = {
			isa = PBXNativeTarget;
			buildConfigurationList = 3576E1C22913F47F004A6648 /* Build configuration list for PBXNativeTarget "CalcATTests" */;
			buildPhases = (
				3576E1A72913F47F004A6648 /* Sources */,
				3576E1A82913F47F004A6648 /* Frameworks */,
				3576E1A92913F47F004A6648 /* Resources */,
			);
			buildRules = (
			);
			dependencies = (
				3576E1AD2913F47F004A6648 /* PBXTargetDependency */,
			);
			name = CalcATTests;
			productName = CalcATTests;
			productReference = 3576E1AB2913F47F004A6648 /* CalcATTests.xctest */;
			productType = "com.apple.product-type.bundle.unit-test";
		};
		3576E1B42913F47F004A6648 /* CalcATUITests */ = {
			isa = PBXNativeTarget;
			buildConfigurationList = 3576E1C52913F47F004A6648 /* Build configuration list for PBXNativeTarget "CalcATUITests" */;
			buildPhases = (
				3576E1B12913F47F004A6648 /* Sources */,
				3576E1B22913F47F004A6648 /* Frameworks */,
				3576E1B32913F47F004A6648 /* Resources */,
			);
			buildRules = (
			);
			dependencies = (
				3576E1B72913F47F004A6648 /* PBXTargetDependency */,
			);
			name = CalcATUITests;
			productName = CalcATUITests;
			productReference = 3576E1B52913F47F004A6648 /* CalcATUITests.xctest */;
			productType = "com.apple.product-type.bundle.ui-testing";
		};
/* End PBXNativeTarget section */

/* Begin PBXProject section */
		3576E18D2913F47D004A6648 /* Project object */ = {
			isa = PBXProject;
			attributes = {
				BuildIndependentTargetsInParallel = 1;
				LastSwiftUpdateCheck = 1410;
				LastUpgradeCheck = 1410;
				TargetAttributes = {
					3576E1942913F47D004A6648 = {
						CreatedOnToolsVersion = 14.1;
					};
					3576E1AA2913F47F004A6648 = {
						CreatedOnToolsVersion = 14.1;
						TestTargetID = 3576E1942913F47D004A6648;
					};
					3576E1B42913F47F004A6648 = {
						CreatedOnToolsVersion = 14.1;
						TestTargetID = 3576E1942913F47D004A6648;
					};
				};
			};
			buildConfigurationList = 3576E1902913F47D004A6648 /* Build configuration list for PBXProject "CalcAT" */;
			compatibilityVersion = "Xcode 14.0";
			developmentRegion = en;
			hasScannedForEncodings = 0;
			knownRegions = (
				en,
				Base,
			);
			mainGroup = 3576E18C2913F47D004A6648;
			productRefGroup = 3576E1962913F47D004A6648 /* Products */;
			projectDirPath = "";
			projectRoot = "";
			targets = (
				3576E1942913F47D004A6648 /* CalcAT */,
				3576E1AA2913F47F004A6648 /* CalcATTests */,
				3576E1B42913F47F004A6648 /* CalcATUITests */,
			);
		};
/* End PBXProject section */

/* Begin PBXResourcesBuildPhase section */
		3576E1932913F47D004A6648 /* Resources */ = {
			isa = PBXResourcesBuildPhase;
			buildActionMask = 2147483647;
			files = (
				3576E1A52913F47F004A6648 /* LaunchScreen.storyboard in Resources */,
				3576E1A22913F47F004A6648 /* Assets.xcassets in Resources */,
				3576E1A02913F47D004A6648 /* Main.storyboard in Resources */,
			);
			runOnlyForDeploymentPostprocessing = 0;
		};
		3576E1A92913F47F004A6648 /* Resources */ = {
			isa = PBXResourcesBuildPhase;
			buildActionMask = 2147483647;
			files = (
			);
			runOnlyForDeploymentPostprocessing = 0;
		};
		3576E1B32913F47F004A6648 /* Resources */ = {
			isa = PBXResourcesBuildPhase;
			buildActionMask = 2147483647;
			files = (
			);
			runOnlyForDeploymentPostprocessing = 0;
		};
/* End PBXResourcesBuildPhase section */

/* Begin PBXSourcesBuildPhase section */
		3576E1912913F47D004A6648 /* Sources */ = {
			isa = PBXSourcesBuildPhase;
			buildActionMask = 2147483647;
			files = (
				3576E19D2913F47D004A6648 /* ViewController.swift in Sources */,
				3576E1992913F47D004A6648 /* AppDelegate.swift in Sources */,
				3576E19B2913F47D004A6648 /* SceneDelegate.swift in Sources */,
			);
			runOnlyForDeploymentPostprocessing = 0;
		};
		3576E1A72913F47F004A6648 /* Sources */ = {
			isa = PBXSourcesBuildPhase;
			buildActionMask = 2147483647;
			files = (
				3576E1B02913F47F004A6648 /* CalcATTests.swift in Sources */,
			);
			runOnlyForDeploymentPostprocessing = 0;
		};
		3576E1B12913F47F004A6648 /* Sources */ = {
			isa = PBXSourcesBuildPhase;
			buildActionMask = 2147483647;
			files = (
				3576E1BC2913F47F004A6648 /* CalcATUITestsLaunchTests.swift in Sources */,
				3576E1BA2913F47F004A6648 /* CalcATUITests.swift in Sources */,
			);
			runOnlyForDeploymentPostprocessing = 0;
		};
/* End PBXSourcesBuildPhase section */

/* Begin PBXTargetDependency section */
		3576E1AD2913F47F004A6648 /* PBXTargetDependency */ = {
			isa = PBXTargetDependency;
			target = 3576E1942913F47D004A6648 /* CalcAT */;
			targetProxy = 3576E1AC2913F47F004A6648 /* PBXContainerItemProxy */;
		};
		3576E1B72913F47F004A6648 /* PBXTargetDependency */ = {
			isa = PBXTargetDependency;
			target = 3576E1942913F47D004A6648 /* CalcAT */;
			targetProxy = 3576E1B62913F47F004A6648 /* PBXContainerItemProxy */;
		};
/* End PBXTargetDependency section */

/* Begin PBXVariantGroup section */
		3576E19E2913F47D004A6648 /* Main.storyboard */ = {
			isa = PBXVariantGroup;
			children = (
				3576E19F2913F47D004A6648 /* Base */,
			);
			name = Main.storyboard;
			sourceTree = "<group>";
		};
		3576E1A32913F47F004A6648 /* LaunchScreen.storyboard */ = {
			isa = PBXVariantGroup;
			children = (
				3576E1A42913F47F004A6648 /* Base */,
			);
			name = LaunchScreen.storyboard;
			sourceTree = "<group>";
		};
/* End PBXVariantGroup section */

/* Begin XCBuildConfiguration section */
		3576E1BD2913F47F004A6648 /* Debug */ = {
			isa = XCBuildConfiguration;
			buildSettings = {
				ALWAYS_SEARCH_USER_PATHS = NO;
				CLANG_ANALYZER_NONNULL = YES;
				CLANG_ANALYZER_NUMBER_OBJECT_CONVERSION = YES_AGGRESSIVE;
				CLANG_CXX_LANGUAGE_STANDARD = "gnu++20";
				CLANG_ENABLE_MODULES = YES;
				CLANG_ENABLE_OBJC_ARC = YES;
				CLANG_ENABLE_OBJC_WEAK = YES;
				CLANG_WARN_BLOCK_CAPTURE_AUTORELEASING = YES;
				CLANG_WARN_BOOL_CONVERSION = YES;
				CLANG_WARN_COMMA = YES;
				CLANG_WARN_CONSTANT_CONVERSION = YES;
				CLANG_WARN_DEPRECATED_OBJC_IMPLEMENTATIONS = YES;
				CLANG_WARN_DIRECT_OBJC_ISA_USAGE = YES_ERROR;
				CLANG_WARN_DOCUMENTATION_COMMENTS = YES;
				CLANG_WARN_EMPTY_BODY = YES;
				CLANG_WARN_ENUM_CONVERSION = YES;
				CLANG_WARN_INFINITE_RECURSION = YES;
				CLANG_WARN_INT_CONVERSION = YES;
				CLANG_WARN_NON_LITERAL_NULL_CONVERSION = YES;
				CLANG_WARN_OBJC_IMPLICIT_RETAIN_SELF = YES;
				CLANG_WARN_OBJC_LITERAL_CONVERSION = YES;
				CLANG_WARN_OBJC_ROOT_CLASS = YES_ERROR;
				CLANG_WARN_QUOTED_INCLUDE_IN_FRAMEWORK_HEADER = YES;
				CLANG_WARN_RANGE_LOOP_ANALYSIS = YES;
				CLANG_WARN_STRICT_PROTOTYPES = YES;
				CLANG_WARN_SUSPICIOUS_MOVE = YES;
				CLANG_WARN_UNGUARDED_AVAILABILITY = YES_AGGRESSIVE;
				CLANG_WARN_UNREACHABLE_CODE = YES;
				CLANG_WARN__DUPLICATE_METHOD_MATCH = YES;
				COPY_PHASE_STRIP = NO;
				DEBUG_INFORMATION_FORMAT = dwarf;
				ENABLE_STRICT_OBJC_MSGSEND = YES;
				ENABLE_TESTABILITY = YES;
				GCC_C_LANGUAGE_STANDARD = gnu11;
				GCC_DYNAMIC_NO_PIC = NO;
				GCC_NO_COMMON_BLOCKS = YES;
				GCC_OPTIMIZATION_LEVEL = 0;
				GCC_PREPROCESSOR_DEFINITIONS = (
					"DEBUG=1",
					"$(inherited)",
				);
				GCC_WARN_64_TO_32_BIT_CONVERSION = YES;
				GCC_WARN_ABOUT_RETURN_TYPE = YES_ERROR;
				GCC_WARN_UNDECLARED_SELECTOR = YES;
				GCC_WARN_UNINITIALIZED_AUTOS = YES_AGGRESSIVE;
				GCC_WARN_UNUSED_FUNCTION = YES;
				GCC_WARN_UNUSED_VARIABLE = YES;
				IPHONEOS_DEPLOYMENT_TARGET = 16.1;
				MTL_ENABLE_DEBUG_INFO = INCLUDE_SOURCE;
				MTL_FAST_MATH = YES;
				ONLY_ACTIVE_ARCH = YES;
				SDKROOT = iphoneos;
				SWIFT_ACTIVE_COMPILATION_CONDITIONS = DEBUG;
				SWIFT_OPTIMIZATION_LEVEL = "-Onone";
			};
			name = Debug;
		};
		3576E1BE2913F47F004A6648 /* Release */ = {
			isa = XCBuildConfiguration;
			buildSettings = {
				ALWAYS_SEARCH_USER_PATHS = NO;
				CLANG_ANALYZER_NONNULL = YES;
				CLANG_ANALYZER_NUMBER_OBJECT_CONVERSION = YES_AGGRESSIVE;
				CLANG_CXX_LANGUAGE_STANDARD = "gnu++20";
				CLANG_ENABLE_MODULES = YES;
				CLANG_ENABLE_OBJC_ARC = YES;
				CLANG_ENABLE_OBJC_WEAK = YES;
				CLANG_WARN_BLOCK_CAPTURE_AUTORELEASING = YES;
				CLANG_WARN_BOOL_CONVERSION = YES;
				CLANG_WARN_COMMA = YES;
				CLANG_WARN_CONSTANT_CONVERSION = YES;
				CLANG_WARN_DEPRECATED_OBJC_IMPLEMENTATIONS = YES;
				CLANG_WARN_DIRECT_OBJC_ISA_USAGE = YES_ERROR;
				CLANG_WARN_DOCUMENTATION_COMMENTS = YES;
				CLANG_WARN_EMPTY_BODY = YES;
				CLANG_WARN_ENUM_CONVERSION = YES;
				CLANG_WARN_INFINITE_RECURSION = YES;
				CLANG_WARN_INT_CONVERSION = YES;
				CLANG_WARN_NON_LITERAL_NULL_CONVERSION = YES;
				CLANG_WARN_OBJC_IMPLICIT_RETAIN_SELF = YES;
				CLANG_WARN_OBJC_LITERAL_CONVERSION = YES;
				CLANG_WARN_OBJC_ROOT_CLASS = YES_ERROR;
				CLANG_WARN_QUOTED_INCLUDE_IN_FRAMEWORK_HEADER = YES;
				CLANG_WARN_RANGE_LOOP_ANALYSIS = YES;
				CLANG_WARN_STRICT_PROTOTYPES = YES;
				CLANG_WARN_SUSPICIOUS_MOVE = YES;
				CLANG_WARN_UNGUARDED_AVAILABILITY = YES_AGGRESSIVE;
				CLANG_WARN_UNREACHABLE_CODE = YES;
				CLANG_WARN__DUPLICATE_METHOD_MATCH = YES;
				COPY_PHASE_STRIP = NO;
				DEBUG_INFORMATION_FORMAT = "dwarf-with-dsym";
				ENABLE_NS_ASSERTIONS = NO;
				ENABLE_STRICT_OBJC_MSGSEND = YES;
				GCC_C_LANGUAGE_STANDARD = gnu11;
				GCC_NO_COMMON_BLOCKS = YES;
				GCC_WARN_64_TO_32_BIT_CONVERSION = YES;
				GCC_WARN_ABOUT_RETURN_TYPE = YES_ERROR;
				GCC_WARN_UNDECLARED_SELECTOR = YES;
				GCC_WARN_UNINITIALIZED_AUTOS = YES_AGGRESSIVE;
				GCC_WARN_UNUSED_FUNCTION = YES;
				GCC_WARN_UNUSED_VARIABLE = YES;
				IPHONEOS_DEPLOYMENT_TARGET = 16.1;
				MTL_ENABLE_DEBUG_INFO = NO;
				MTL_FAST_MATH = YES;
				SDKROOT = iphoneos;
				SWIFT_COMPILATION_MODE = wholemodule;
				SWIFT_OPTIMIZATION_LEVEL = "-O";
				VALIDATE_PRODUCT = YES;
			};
			name = Release;
		};
		3576E1C02913F47F004A6648 /* Debug */ = {
			isa = XCBuildConfiguration;
			buildSettings = {
				ASSETCATALOG_COMPILER_APPICON_NAME = AppIcon;
				ASSETCATALOG_COMPILER_GLOBAL_ACCENT_COLOR_NAME = AccentColor;
				CODE_SIGN_STYLE = Automatic;
				CURRENT_PROJECT_VERSION = 1;
				DEVELOPMENT_TEAM = GZQ4CP2XA8;
				GENERATE_INFOPLIST_FILE = YES;
				INFOPLIST_FILE = CalcAT/Info.plist;
				INFOPLIST_KEY_UIApplicationSupportsIndirectInputEvents = YES;
				INFOPLIST_KEY_UILaunchStoryboardName = LaunchScreen;
				INFOPLIST_KEY_UIMainStoryboardFile = Main;
				INFOPLIST_KEY_UISupportedInterfaceOrientations_iPad = "UIInterfaceOrientationPortrait UIInterfaceOrientationPortraitUpsideDown UIInterfaceOrientationLandscapeLeft UIInterfaceOrientationLandscapeRight";
				INFOPLIST_KEY_UISupportedInterfaceOrientations_iPhone = "UIInterfaceOrientationPortrait UIInterfaceOrientationLandscapeLeft UIInterfaceOrientationLandscapeRight";
				LD_RUNPATH_SEARCH_PATHS = (
					"$(inherited)",
					"@executable_path/Frameworks",
				);
				MARKETING_VERSION = 1.0;
				PRODUCT_BUNDLE_IDENTIFIER = com.abdullah.CalcAT;
				PRODUCT_NAME = "$(TARGET_NAME)";
				SWIFT_EMIT_LOC_STRINGS = YES;
				SWIFT_VERSION = 5.0;
				TARGETED_DEVICE_FAMILY = "1,2";
			};
			name = Debug;
		};
		3576E1C12913F47F004A6648 /* Release */ = {
			isa = XCBuildConfiguration;
			buildSettings = {
				ASSETCATALOG_COMPILER_APPICON_NAME = AppIcon;
				ASSETCATALOG_COMPILER_GLOBAL_ACCENT_COLOR_NAME = AccentColor;
				CODE_SIGN_STYLE = Automatic;
				CURRENT_PROJECT_VERSION = 1;
				DEVELOPMENT_TEAM = GZQ4CP2XA8;
				GENERATE_INFOPLIST_FILE = YES;
				INFOPLIST_FILE = CalcAT/Info.plist;
				INFOPLIST_KEY_UIApplicationSupportsIndirectInputEvents = YES;
				INFOPLIST_KEY_UILaunchStoryboardName = LaunchScreen;
				INFOPLIST_KEY_UIMainStoryboardFile = Main;
				INFOPLIST_KEY_UISupportedInterfaceOrientations_iPad = "UIInterfaceOrientationPortrait UIInterfaceOrientationPortraitUpsideDown UIInterfaceOrientationLandscapeLeft UIInterfaceOrientationLandscapeRight";
				INFOPLIST_KEY_UISupportedInterfaceOrientations_iPhone = "UIInterfaceOrientationPortrait UIInterfaceOrientationLandscapeLeft UIInterfaceOrientationLandscapeRight";
				LD_RUNPATH_SEARCH_PATHS = (
					"$(inherited)",
					"@executable_path/Frameworks",
				);
				MARKETING_VERSION = 1.0;
				PRODUCT_BUNDLE_IDENTIFIER = com.abdullah.CalcAT;
				PRODUCT_NAME = "$(TARGET_NAME)";
				SWIFT_EMIT_LOC_STRINGS = YES;
				SWIFT_VERSION = 5.0;
				TARGETED_DEVICE_FAMILY = "1,2";
			};
			name = Release;
		};
		3576E1C32913F47F004A6648 /* Debug */ = {
			isa = XCBuildConfiguration;
			buildSettings = {
				ALWAYS_EMBED_SWIFT_STANDARD_LIBRARIES = YES;
				BUNDLE_LOADER = "$(TEST_HOST)";
				CODE_SIGN_STYLE = Automatic;
				CURRENT_PROJECT_VERSION = 1;
				DEVELOPMENT_TEAM = GZQ4CP2XA8;
				GENERATE_INFOPLIST_FILE = YES;
				IPHONEOS_DEPLOYMENT_TARGET = 16.1;
				MARKETING_VERSION = 1.0;
				PRODUCT_BUNDLE_IDENTIFIER = com.abdullah.CalcATTests;
				PRODUCT_NAME = "$(TARGET_NAME)";
				SWIFT_EMIT_LOC_STRINGS = NO;
				SWIFT_VERSION = 5.0;
				TARGETED_DEVICE_FAMILY = "1,2";
				TEST_HOST = "$(BUILT_PRODUCTS_DIR)/CalcAT.app/$(BUNDLE_EXECUTABLE_FOLDER_PATH)/CalcAT";
			};
			name = Debug;
		};
		3576E1C42913F47F004A6648 /* Release */ = {
			isa = XCBuildConfiguration;
			buildSettings = {
				ALWAYS_EMBED_SWIFT_STANDARD_LIBRARIES = YES;
				BUNDLE_LOADER = "$(TEST_HOST)";
				CODE_SIGN_STYLE = Automatic;
				CURRENT_PROJECT_VERSION = 1;
				DEVELOPMENT_TEAM = GZQ4CP2XA8;
				GENERATE_INFOPLIST_FILE = YES;
				IPHONEOS_DEPLOYMENT_TARGET = 16.1;
				MARKETING_VERSION = 1.0;
				PRODUCT_BUNDLE_IDENTIFIER = com.abdullah.CalcATTests;
				PRODUCT_NAME = "$(TARGET_NAME)";
				SWIFT_EMIT_LOC_STRINGS = NO;
				SWIFT_VERSION = 5.0;
				TARGETED_DEVICE_FAMILY = "1,2";
				TEST_HOST = "$(BUILT_PRODUCTS_DIR)/CalcAT.app/$(BUNDLE_EXECUTABLE_FOLDER_PATH)/CalcAT";
			};
			name = Release;
		};
		3576E1C62913F47F004A6648 /* Debug */ = {
			isa = XCBuildConfiguration;
			buildSettings = {
				ALWAYS_EMBED_SWIFT_STANDARD_LIBRARIES = YES;
				CODE_SIGN_STYLE = Automatic;
				CURRENT_PROJECT_VERSION = 1;
				DEVELOPMENT_TEAM = GZQ4CP2XA8;
				GENERATE_INFOPLIST_FILE = YES;
				MARKETING_VERSION = 1.0;
				PRODUCT_BUNDLE_IDENTIFIER = com.abdullah.CalcATUITests;
				PRODUCT_NAME = "$(TARGET_NAME)";
				SWIFT_EMIT_LOC_STRINGS = NO;
				SWIFT_VERSION = 5.0;
				TARGETED_DEVICE_FAMILY = "1,2";
				TEST_TARGET_NAME = CalcAT;
			};
			name = Debug;
		};
		3576E1C72913F47F004A6648 /* Release */ = {
			isa = XCBuildConfiguration;
			buildSettings = {
				ALWAYS_EMBED_SWIFT_STANDARD_LIBRARIES = YES;
				CODE_SIGN_STYLE = Automatic;
				CURRENT_PROJECT_VERSION = 1;
				DEVELOPMENT_TEAM = GZQ4CP2XA8;
				GENERATE_INFOPLIST_FILE = YES;
				MARKETING_VERSION = 1.0;
				PRODUCT_BUNDLE_IDENTIFIER = com.abdullah.CalcATUITests;
				PRODUCT_NAME = "$(TARGET_NAME)";
				SWIFT_EMIT_LOC_STRINGS = NO;
				SWIFT_VERSION = 5.0;
				TARGETED_DEVICE_FAMILY = "1,2";
				TEST_TARGET_NAME = CalcAT;
			};
			name = Release;
		};
/* End XCBuildConfiguration section */

/* Begin XCConfigurationList section */
		3576E1902913F47D004A6648 /* Build configuration list for PBXProject "CalcAT" */ = {
			isa = XCConfigurationList;
			buildConfigurations = (
				3576E1BD2913F47F004A6648 /* Debug */,
				3576E1BE2913F47F004A6648 /* Release */,
			);
			defaultConfigurationIsVisible = 0;
			defaultConfigurationName = Release;
		};
		3576E1BF2913F47F004A6648 /* Build configuration list for PBXNativeTarget "CalcAT" */ = {
			isa = XCConfigurationList;
			buildConfigurations = (
				3576E1C02913F47F004A6648 /* Debug */,
				3576E1C12913F47F004A6648 /* Release */,
			);
			defaultConfigurationIsVisible = 0;
			defaultConfigurationName = Release;
		};
		3576E1C22913F47F004A6648 /* Build configuration list for PBXNativeTarget "CalcATTests" */ = {
			isa = XCConfigurationList;
			buildConfigurations = (
				3576E1C32913F47F004A6648 /* Debug */,
				3576E1C42913F47F004A6648 /* Release */,
			);
			defaultConfigurationIsVisible = 0;
			defaultConfigurationName = Release;
		};
		3576E1C52913F47F004A6648 /* Build configuration list for PBXNativeTarget "CalcATUITests" */ = {
			isa = XCConfigurationList;
			buildConfigurations = (
				3576E1C62913F47F004A6648 /* Debug */,
				3576E1C72913F47F004A6648 /* Release */,
			);
			defaultConfigurationIsVisible = 0;
			defaultConfigurationName = Release;
		};
/* End XCConfigurationList section */
	};
	rootObject = 3576E18D2913F47D004A6648 /* Project object */;
}
